{
    "version": 3,
    "terraform_version": "0.11.10",
    "serial": 24,
    "lineage": "96f452e5-133d-744e-d113-fc5f171873aa",
    "modules": [
        {
            "path": [
                "root"
            ],
            "outputs": {},
            "resources": {
                "google_compute_instance.default": {
                    "type": "google_compute_instance",
                    "depends_on": [],
                    "primary": {
                        "id": "jenkins",
                        "attributes": {
                            "attached_disk.#": "0",
                            "boot_disk.#": "1",
                            "boot_disk.0.auto_delete": "true",
                            "boot_disk.0.device_name": "persistent-disk-0",
                            "boot_disk.0.disk_encryption_key_raw": "",
                            "boot_disk.0.disk_encryption_key_sha256": "",
                            "boot_disk.0.initialize_params.#": "1",
                            "boot_disk.0.initialize_params.0.image": "https://www.googleapis.com/compute/v1/projects/centos-cloud/global/images/centos-7-v20181113",
                            "boot_disk.0.initialize_params.0.size": "10",
                            "boot_disk.0.initialize_params.0.type": "pd-standard",
                            "boot_disk.0.source": "https://www.googleapis.com/compute/v1/projects/vm-testing-219509/zones/europe-west2-c/disks/jenkins",
                            "can_ip_forward": "false",
                            "cpu_platform": "Intel Broadwell",
                            "create_timeout": "4",
                            "deletion_protection": "false",
                            "guest_accelerator.#": "0",
                            "id": "jenkins",
                            "instance_id": "8721570458480357727",
                            "label_fingerprint": "42WmSpB8rSM=",
                            "labels.%": "0",
                            "machine_type": "n1-standard-1",
                            "metadata.%": "1",
                            "metadata.sshKeys": "terraform:ssh-rsa AAAAB3NzaC1yc2EAAAADAQABAAABAQC/F2PId+/1n+0inQFUSgzZJV0fPbDA9qvcYQL7KAB79mNM4wLo/zq7Qc4u7u5qhiwlPLrTe6eiPtJWatjOsui43mteM/lejRf4rE2wHocLkVp4Ux32QWx3GQ+XyrjNnVLp94soLVez1pMVCtguu6IWLkIMbNf0mpcEk2agso+2Zz8SKiRKwFT3JhHHuXalPaTx3hMIZMpnEzM6fNYyHl5gXcbfyHwAVOqcUEbyOI6l6cfX98bSmcAUOPmdF77Jd2uamFN6A0XuAttiChg0taI79RnMyH15CiPjEaBD4XxkoNMxyzx7a2GaSfjau28y8E3rFq89LFp4DlWP32kDdlcz mustakimrowshan@terraform\n",
                            "metadata_fingerprint": "PbNWucEIILs=",
                            "metadata_startup_script": "",
                            "min_cpu_platform": "",
                            "name": "jenkins",
                            "network_interface.#": "1",
                            "network_interface.0.access_config.#": "1",
                            "network_interface.0.access_config.0.assigned_nat_ip": "35.189.118.131",
                            "network_interface.0.access_config.0.nat_ip": "35.189.118.131",
                            "network_interface.0.access_config.0.network_tier": "PREMIUM",
                            "network_interface.0.access_config.0.public_ptr_domain_name": "",
                            "network_interface.0.address": "10.154.0.3",
                            "network_interface.0.alias_ip_range.#": "0",
                            "network_interface.0.name": "nic0",
                            "network_interface.0.network": "https://www.googleapis.com/compute/v1/projects/vm-testing-219509/global/networks/default",
                            "network_interface.0.network_ip": "10.154.0.3",
                            "network_interface.0.subnetwork": "https://www.googleapis.com/compute/v1/projects/vm-testing-219509/regions/europe-west2/subnetworks/default",
                            "network_interface.0.subnetwork_project": "vm-testing-219509",
                            "project": "vm-testing-219509",
                            "scheduling.#": "1",
                            "scheduling.0.automatic_restart": "false",
                            "scheduling.0.on_host_maintenance": "MIGRATE",
                            "scheduling.0.preemptible": "false",
                            "scratch_disk.#": "0",
                            "self_link": "https://www.googleapis.com/compute/v1/projects/vm-testing-219509/zones/europe-west2-c/instances/jenkins",
                            "service_account.#": "0",
                            "tags.#": "2",
                            "tags.1438809362": "jenkins",
                            "tags.988335155": "http-server",
                            "tags_fingerprint": "74fLrx2fvgE=",
                            "zone": "europe-west2-c"
                        },
                        "meta": {
                            "e2bfb730-ecaa-11e6-8f88-34363bc7c4c0": {
                                "create": 360000000000,
                                "delete": 360000000000,
                                "update": 360000000000
                            },
                            "schema_version": "6"
                        },
                        "tainted": false
                    },
                    "deposed": [],
                    "provider": "provider.google"
                }
            },
            "depends_on": []
        }
    ]
}
