{
    "version": 3,
    "terraform_version": "0.11.10",
    "serial": 46,
    "lineage": "96f452e5-133d-744e-d113-fc5f171873aa",
    "modules": [
        {
            "path": [
                "root"
            ],
            "outputs": {},
            "resources": {
                "google_compute_instance.default.0": {
                    "type": "google_compute_instance",
                    "depends_on": [],
                    "primary": {
                        "id": "ansible-client-1",
                        "attributes": {
                            "attached_disk.#": "0",
                            "boot_disk.#": "1",
                            "boot_disk.0.auto_delete": "true",
                            "boot_disk.0.device_name": "persistent-disk-0",
                            "boot_disk.0.disk_encryption_key_raw": "",
                            "boot_disk.0.disk_encryption_key_sha256": "",
                            "boot_disk.0.initialize_params.#": "1",
                            "boot_disk.0.initialize_params.0.image": "https://www.googleapis.com/compute/v1/projects/centos-cloud/global/images/centos-7-v20181113",
                            "boot_disk.0.initialize_params.0.size": "10",
                            "boot_disk.0.initialize_params.0.type": "pd-standard",
                            "boot_disk.0.source": "https://www.googleapis.com/compute/v1/projects/vm-testing-219509/zones/europe-west2-c/disks/ansible-client-1",
                            "can_ip_forward": "false",
                            "cpu_platform": "Intel Broadwell",
                            "create_timeout": "4",
                            "deletion_protection": "false",
                            "guest_accelerator.#": "0",
                            "id": "ansible-client-1",
                            "instance_id": "9179094164675392446",
                            "label_fingerprint": "42WmSpB8rSM=",
                            "labels.%": "0",
                            "machine_type": "n1-standard-1",
                            "metadata.%": "1",
                            "metadata.sshKeys": "terraform:ssh-rsa AAAAB3NzaC1yc2EAAAADAQABAAABAQC9X0GUdaccNbB5s7JBBw6NoswUoDrjfSD3vSifu/J3c+DMnefH9KtUHJayzk5iYhSntdLpck8FbEa1kIM0AGNY0ulKAhi2sXrMd03cNncKSWUvC/3JdYLYCs0zMuCg5fJvrkjr1+yzR9FRjPeio4VgjcTOK0x5x69HkqbBm5rOdhCnpe7mFOgCxkNfHgYi6ZqBITxtXq8o7t/EUTc1uYvy06gN6ItnpoykLDdC2uUgYe+dasKA3iZX/d0geNCFNHOF50jdAgP+Z0eH0rEfjTEEW8s/kkfU9CP7u4OQuPay8LEOXxpIuhL16CdYoX3eJ0NP43+U2vDBQUnp/Qne4T8B mustakimrowshan@ansible\n",
                            "metadata_fingerprint": "PCXlDtaU5Ic=",
                            "metadata_startup_script": "",
                            "min_cpu_platform": "",
                            "name": "ansible-client-1",
                            "network_interface.#": "1",
                            "network_interface.0.access_config.#": "1",
                            "network_interface.0.access_config.0.assigned_nat_ip": "35.242.154.221",
                            "network_interface.0.access_config.0.nat_ip": "35.242.154.221",
                            "network_interface.0.access_config.0.network_tier": "PREMIUM",
                            "network_interface.0.access_config.0.public_ptr_domain_name": "",
                            "network_interface.0.address": "10.154.0.7",
                            "network_interface.0.alias_ip_range.#": "0",
                            "network_interface.0.name": "nic0",
                            "network_interface.0.network": "https://www.googleapis.com/compute/v1/projects/vm-testing-219509/global/networks/default",
                            "network_interface.0.network_ip": "10.154.0.7",
                            "network_interface.0.subnetwork": "https://www.googleapis.com/compute/v1/projects/vm-testing-219509/regions/europe-west2/subnetworks/default",
                            "network_interface.0.subnetwork_project": "vm-testing-219509",
                            "project": "vm-testing-219509",
                            "scheduling.#": "1",
                            "scheduling.0.automatic_restart": "false",
                            "scheduling.0.on_host_maintenance": "MIGRATE",
                            "scheduling.0.preemptible": "false",
                            "scratch_disk.#": "0",
                            "self_link": "https://www.googleapis.com/compute/v1/projects/vm-testing-219509/zones/europe-west2-c/instances/ansible-client-1",
                            "service_account.#": "0",
                            "tags.#": "1",
                            "tags.988335155": "http-server",
                            "tags_fingerprint": "FYLDgkTKlA4=",
                            "zone": "europe-west2-c"
                        },
                        "meta": {
                            "e2bfb730-ecaa-11e6-8f88-34363bc7c4c0": {
                                "create": 360000000000,
                                "delete": 360000000000,
                                "update": 360000000000
                            },
                            "schema_version": "6"
                        },
                        "tainted": false
                    },
                    "deposed": [],
                    "provider": "provider.google"
                },
                "google_compute_instance.default.1": {
                    "type": "google_compute_instance",
                    "depends_on": [],
                    "primary": {
                        "id": "ansible-client-2",
                        "attributes": {
                            "attached_disk.#": "0",
                            "boot_disk.#": "1",
                            "boot_disk.0.auto_delete": "true",
                            "boot_disk.0.device_name": "persistent-disk-0",
                            "boot_disk.0.disk_encryption_key_raw": "",
                            "boot_disk.0.disk_encryption_key_sha256": "",
                            "boot_disk.0.initialize_params.#": "1",
                            "boot_disk.0.initialize_params.0.image": "https://www.googleapis.com/compute/v1/projects/centos-cloud/global/images/centos-7-v20181113",
                            "boot_disk.0.initialize_params.0.size": "10",
                            "boot_disk.0.initialize_params.0.type": "pd-standard",
                            "boot_disk.0.source": "https://www.googleapis.com/compute/v1/projects/vm-testing-219509/zones/europe-west2-c/disks/ansible-client-2",
                            "can_ip_forward": "false",
                            "cpu_platform": "Intel Broadwell",
                            "create_timeout": "4",
                            "deletion_protection": "false",
                            "guest_accelerator.#": "0",
                            "id": "ansible-client-2",
                            "instance_id": "4985336274062046141",
                            "label_fingerprint": "42WmSpB8rSM=",
                            "labels.%": "0",
                            "machine_type": "n1-standard-1",
                            "metadata.%": "1",
                            "metadata.sshKeys": "terraform:ssh-rsa AAAAB3NzaC1yc2EAAAADAQABAAABAQC9X0GUdaccNbB5s7JBBw6NoswUoDrjfSD3vSifu/J3c+DMnefH9KtUHJayzk5iYhSntdLpck8FbEa1kIM0AGNY0ulKAhi2sXrMd03cNncKSWUvC/3JdYLYCs0zMuCg5fJvrkjr1+yzR9FRjPeio4VgjcTOK0x5x69HkqbBm5rOdhCnpe7mFOgCxkNfHgYi6ZqBITxtXq8o7t/EUTc1uYvy06gN6ItnpoykLDdC2uUgYe+dasKA3iZX/d0geNCFNHOF50jdAgP+Z0eH0rEfjTEEW8s/kkfU9CP7u4OQuPay8LEOXxpIuhL16CdYoX3eJ0NP43+U2vDBQUnp/Qne4T8B mustakimrowshan@ansible\n",
                            "metadata_fingerprint": "PCXlDtaU5Ic=",
                            "metadata_startup_script": "",
                            "min_cpu_platform": "",
                            "name": "ansible-client-2",
                            "network_interface.#": "1",
                            "network_interface.0.access_config.#": "1",
                            "network_interface.0.access_config.0.assigned_nat_ip": "35.197.212.83",
                            "network_interface.0.access_config.0.nat_ip": "35.197.212.83",
                            "network_interface.0.access_config.0.network_tier": "PREMIUM",
                            "network_interface.0.access_config.0.public_ptr_domain_name": "",
                            "network_interface.0.address": "10.154.0.9",
                            "network_interface.0.alias_ip_range.#": "0",
                            "network_interface.0.name": "nic0",
                            "network_interface.0.network": "https://www.googleapis.com/compute/v1/projects/vm-testing-219509/global/networks/default",
                            "network_interface.0.network_ip": "10.154.0.9",
                            "network_interface.0.subnetwork": "https://www.googleapis.com/compute/v1/projects/vm-testing-219509/regions/europe-west2/subnetworks/default",
                            "network_interface.0.subnetwork_project": "vm-testing-219509",
                            "project": "vm-testing-219509",
                            "scheduling.#": "1",
                            "scheduling.0.automatic_restart": "false",
                            "scheduling.0.on_host_maintenance": "MIGRATE",
                            "scheduling.0.preemptible": "false",
                            "scratch_disk.#": "0",
                            "self_link": "https://www.googleapis.com/compute/v1/projects/vm-testing-219509/zones/europe-west2-c/instances/ansible-client-2",
                            "service_account.#": "0",
                            "tags.#": "1",
                            "tags.988335155": "http-server",
                            "tags_fingerprint": "FYLDgkTKlA4=",
                            "zone": "europe-west2-c"
                        },
                        "meta": {
                            "e2bfb730-ecaa-11e6-8f88-34363bc7c4c0": {
                                "create": 360000000000,
                                "delete": 360000000000,
                                "update": 360000000000
                            },
                            "schema_version": "6"
                        },
                        "tainted": false
                    },
                    "deposed": [],
                    "provider": "provider.google"
                },
                "google_compute_instance.default.2": {
                    "type": "google_compute_instance",
                    "depends_on": [],
                    "primary": {
                        "id": "ansible-client-3",
                        "attributes": {
                            "attached_disk.#": "0",
                            "boot_disk.#": "1",
                            "boot_disk.0.auto_delete": "true",
                            "boot_disk.0.device_name": "persistent-disk-0",
                            "boot_disk.0.disk_encryption_key_raw": "",
                            "boot_disk.0.disk_encryption_key_sha256": "",
                            "boot_disk.0.initialize_params.#": "1",
                            "boot_disk.0.initialize_params.0.image": "https://www.googleapis.com/compute/v1/projects/centos-cloud/global/images/centos-7-v20181113",
                            "boot_disk.0.initialize_params.0.size": "10",
                            "boot_disk.0.initialize_params.0.type": "pd-standard",
                            "boot_disk.0.source": "https://www.googleapis.com/compute/v1/projects/vm-testing-219509/zones/europe-west2-c/disks/ansible-client-3",
                            "can_ip_forward": "false",
                            "cpu_platform": "Intel Broadwell",
                            "create_timeout": "4",
                            "deletion_protection": "false",
                            "guest_accelerator.#": "0",
                            "id": "ansible-client-3",
                            "instance_id": "1504771077477659582",
                            "label_fingerprint": "42WmSpB8rSM=",
                            "labels.%": "0",
                            "machine_type": "n1-standard-1",
                            "metadata.%": "1",
                            "metadata.sshKeys": "terraform:ssh-rsa AAAAB3NzaC1yc2EAAAADAQABAAABAQC9X0GUdaccNbB5s7JBBw6NoswUoDrjfSD3vSifu/J3c+DMnefH9KtUHJayzk5iYhSntdLpck8FbEa1kIM0AGNY0ulKAhi2sXrMd03cNncKSWUvC/3JdYLYCs0zMuCg5fJvrkjr1+yzR9FRjPeio4VgjcTOK0x5x69HkqbBm5rOdhCnpe7mFOgCxkNfHgYi6ZqBITxtXq8o7t/EUTc1uYvy06gN6ItnpoykLDdC2uUgYe+dasKA3iZX/d0geNCFNHOF50jdAgP+Z0eH0rEfjTEEW8s/kkfU9CP7u4OQuPay8LEOXxpIuhL16CdYoX3eJ0NP43+U2vDBQUnp/Qne4T8B mustakimrowshan@ansible\n",
                            "metadata_fingerprint": "PCXlDtaU5Ic=",
                            "metadata_startup_script": "",
                            "min_cpu_platform": "",
                            "name": "ansible-client-3",
                            "network_interface.#": "1",
                            "network_interface.0.access_config.#": "1",
                            "network_interface.0.access_config.0.assigned_nat_ip": "35.242.137.247",
                            "network_interface.0.access_config.0.nat_ip": "35.242.137.247",
                            "network_interface.0.access_config.0.network_tier": "PREMIUM",
                            "network_interface.0.access_config.0.public_ptr_domain_name": "",
                            "network_interface.0.address": "10.154.0.8",
                            "network_interface.0.alias_ip_range.#": "0",
                            "network_interface.0.name": "nic0",
                            "network_interface.0.network": "https://www.googleapis.com/compute/v1/projects/vm-testing-219509/global/networks/default",
                            "network_interface.0.network_ip": "10.154.0.8",
                            "network_interface.0.subnetwork": "https://www.googleapis.com/compute/v1/projects/vm-testing-219509/regions/europe-west2/subnetworks/default",
                            "network_interface.0.subnetwork_project": "vm-testing-219509",
                            "project": "vm-testing-219509",
                            "scheduling.#": "1",
                            "scheduling.0.automatic_restart": "false",
                            "scheduling.0.on_host_maintenance": "MIGRATE",
                            "scheduling.0.preemptible": "false",
                            "scratch_disk.#": "0",
                            "self_link": "https://www.googleapis.com/compute/v1/projects/vm-testing-219509/zones/europe-west2-c/instances/ansible-client-3",
                            "service_account.#": "0",
                            "tags.#": "1",
                            "tags.988335155": "http-server",
                            "tags_fingerprint": "FYLDgkTKlA4=",
                            "zone": "europe-west2-c"
                        },
                        "meta": {
                            "e2bfb730-ecaa-11e6-8f88-34363bc7c4c0": {
                                "create": 360000000000,
                                "delete": 360000000000,
                                "update": 360000000000
                            },
                            "schema_version": "6"
                        },
                        "tainted": false
                    },
                    "deposed": [],
                    "provider": "provider.google"
                },
                "google_compute_instance.default.3": {
                    "type": "google_compute_instance",
                    "depends_on": [],
                    "primary": {
                        "id": "ansible-client-4",
                        "attributes": {
                            "attached_disk.#": "0",
                            "boot_disk.#": "1",
                            "boot_disk.0.auto_delete": "true",
                            "boot_disk.0.device_name": "persistent-disk-0",
                            "boot_disk.0.disk_encryption_key_raw": "",
                            "boot_disk.0.disk_encryption_key_sha256": "",
                            "boot_disk.0.initialize_params.#": "1",
                            "boot_disk.0.initialize_params.0.image": "https://www.googleapis.com/compute/v1/projects/centos-cloud/global/images/centos-7-v20181113",
                            "boot_disk.0.initialize_params.0.size": "10",
                            "boot_disk.0.initialize_params.0.type": "pd-standard",
                            "boot_disk.0.source": "https://www.googleapis.com/compute/v1/projects/vm-testing-219509/zones/europe-west2-c/disks/ansible-client-4",
                            "can_ip_forward": "false",
                            "cpu_platform": "Intel Broadwell",
                            "create_timeout": "4",
                            "deletion_protection": "false",
                            "guest_accelerator.#": "0",
                            "id": "ansible-client-4",
                            "instance_id": "8174673791437665214",
                            "label_fingerprint": "42WmSpB8rSM=",
                            "labels.%": "0",
                            "machine_type": "n1-standard-1",
                            "metadata.%": "1",
                            "metadata.sshKeys": "terraform:ssh-rsa AAAAB3NzaC1yc2EAAAADAQABAAABAQC9X0GUdaccNbB5s7JBBw6NoswUoDrjfSD3vSifu/J3c+DMnefH9KtUHJayzk5iYhSntdLpck8FbEa1kIM0AGNY0ulKAhi2sXrMd03cNncKSWUvC/3JdYLYCs0zMuCg5fJvrkjr1+yzR9FRjPeio4VgjcTOK0x5x69HkqbBm5rOdhCnpe7mFOgCxkNfHgYi6ZqBITxtXq8o7t/EUTc1uYvy06gN6ItnpoykLDdC2uUgYe+dasKA3iZX/d0geNCFNHOF50jdAgP+Z0eH0rEfjTEEW8s/kkfU9CP7u4OQuPay8LEOXxpIuhL16CdYoX3eJ0NP43+U2vDBQUnp/Qne4T8B mustakimrowshan@ansible\n",
                            "metadata_fingerprint": "PCXlDtaU5Ic=",
                            "metadata_startup_script": "",
                            "min_cpu_platform": "",
                            "name": "ansible-client-4",
                            "network_interface.#": "1",
                            "network_interface.0.access_config.#": "1",
                            "network_interface.0.access_config.0.assigned_nat_ip": "35.189.119.177",
                            "network_interface.0.access_config.0.nat_ip": "35.189.119.177",
                            "network_interface.0.access_config.0.network_tier": "PREMIUM",
                            "network_interface.0.access_config.0.public_ptr_domain_name": "",
                            "network_interface.0.address": "10.154.0.6",
                            "network_interface.0.alias_ip_range.#": "0",
                            "network_interface.0.name": "nic0",
                            "network_interface.0.network": "https://www.googleapis.com/compute/v1/projects/vm-testing-219509/global/networks/default",
                            "network_interface.0.network_ip": "10.154.0.6",
                            "network_interface.0.subnetwork": "https://www.googleapis.com/compute/v1/projects/vm-testing-219509/regions/europe-west2/subnetworks/default",
                            "network_interface.0.subnetwork_project": "vm-testing-219509",
                            "project": "vm-testing-219509",
                            "scheduling.#": "1",
                            "scheduling.0.automatic_restart": "false",
                            "scheduling.0.on_host_maintenance": "MIGRATE",
                            "scheduling.0.preemptible": "false",
                            "scratch_disk.#": "0",
                            "self_link": "https://www.googleapis.com/compute/v1/projects/vm-testing-219509/zones/europe-west2-c/instances/ansible-client-4",
                            "service_account.#": "0",
                            "tags.#": "1",
                            "tags.988335155": "http-server",
                            "tags_fingerprint": "FYLDgkTKlA4=",
                            "zone": "europe-west2-c"
                        },
                        "meta": {
                            "e2bfb730-ecaa-11e6-8f88-34363bc7c4c0": {
                                "create": 360000000000,
                                "delete": 360000000000,
                                "update": 360000000000
                            },
                            "schema_version": "6"
                        },
                        "tainted": false
                    },
                    "deposed": [],
                    "provider": "provider.google"
                }
            },
            "depends_on": []
        }
    ]
}
